
Microsoft Visual Studio Solution File, Format Version 12.00
# Visual Studio Version 16
VisualStudioVersion = 16.0.29503.13
MinimumVisualStudioVersion = 10.0.40219.1
Project("{FAE04EC0-301F-11D3-BF4B-00C04F79EFBC}") = "MatrixHammingCipher", "MatrixHammingCipher\MatrixHammingCipher.csproj", "{CA5F7B3D-7849-4479-BF0C-F685E7ADDC15}"
EndProject
Project("{FAE04EC0-301F-11D3-BF4B-00C04F79EFBC}") = "CodeMatrix", "CodeMatrix\CodeMatrix.csproj", "{5854FE10-C954-4540-82F1-A2742392EDA8}"
EndProject
Project("{FAE04EC0-301F-11D3-BF4B-00C04F79EFBC}") = "HammingCorrector", "HammingCorrectorModule\HammingCorrector.csproj", "{B871C199-CFBE-4F81-ACAA-1BA2748311CB}"
EndProject
Project("{FAE04EC0-301F-11D3-BF4B-00C04F79EFBC}") = "GilbertMourEncoding", "GilbertMourEncoding\GilbertMourEncoding.csproj", "{556CF0B8-8E63-478F-9755-8486E8B65072}"
EndProject
Project("{FAE04EC0-301F-11D3-BF4B-00C04F79EFBC}") = "CodeMatrix.Tests", "CodeMatrix.Tests\CodeMatrix.Tests.csproj", "{C1F8BB4A-9736-4C70-A802-B3B8ED25D395}"
EndProject
Project("{FAE04EC0-301F-11D3-BF4B-00C04F79EFBC}") = "MatrixHammingCipher.Core", "MatrixHammingCipher.Core\MatrixHammingCipher.Core.csproj", "{AD7CE537-EE18-4E50-BD7A-3F14BA705A96}"
EndProject
Global
	GlobalSection(SolutionConfigurationPlatforms) = preSolution
		Debug|Any CPU = Debug|Any CPU
		Release|Any CPU = Release|Any CPU
	EndGlobalSection
	GlobalSection(ProjectConfigurationPlatforms) = postSolution
		{CA5F7B3D-7849-4479-BF0C-F685E7ADDC15}.Debug|Any CPU.ActiveCfg = Debug|Any CPU
		{CA5F7B3D-7849-4479-BF0C-F685E7ADDC15}.Debug|Any CPU.Build.0 = Debug|Any CPU
		{CA5F7B3D-7849-4479-BF0C-F685E7ADDC15}.Release|Any CPU.ActiveCfg = Release|Any CPU
		{CA5F7B3D-7849-4479-BF0C-F685E7ADDC15}.Release|Any CPU.Build.0 = Release|Any CPU
		{5854FE10-C954-4540-82F1-A2742392EDA8}.Debug|Any CPU.ActiveCfg = Debug|Any CPU
		{5854FE10-C954-4540-82F1-A2742392EDA8}.Debug|Any CPU.Build.0 = Debug|Any CPU
		{5854FE10-C954-4540-82F1-A2742392EDA8}.Release|Any CPU.ActiveCfg = Release|Any CPU
		{5854FE10-C954-4540-82F1-A2742392EDA8}.Release|Any CPU.Build.0 = Release|Any CPU
		{B871C199-CFBE-4F81-ACAA-1BA2748311CB}.Debug|Any CPU.ActiveCfg = Debug|Any CPU
		{B871C199-CFBE-4F81-ACAA-1BA2748311CB}.Debug|Any CPU.Build.0 = Debug|Any CPU
		{B871C199-CFBE-4F81-ACAA-1BA2748311CB}.Release|Any CPU.ActiveCfg = Release|Any CPU
		{B871C199-CFBE-4F81-ACAA-1BA2748311CB}.Release|Any CPU.Build.0 = Release|Any CPU
		{556CF0B8-8E63-478F-9755-8486E8B65072}.Debug|Any CPU.ActiveCfg = Debug|Any CPU
		{556CF0B8-8E63-478F-9755-8486E8B65072}.Debug|Any CPU.Build.0 = Debug|Any CPU
		{556CF0B8-8E63-478F-9755-8486E8B65072}.Release|Any CPU.ActiveCfg = Release|Any CPU
		{556CF0B8-8E63-478F-9755-8486E8B65072}.Release|Any CPU.Build.0 = Release|Any CPU
		{C1F8BB4A-9736-4C70-A802-B3B8ED25D395}.Debug|Any CPU.ActiveCfg = Debug|Any CPU
		{C1F8BB4A-9736-4C70-A802-B3B8ED25D395}.Debug|Any CPU.Build.0 = Debug|Any CPU
		{C1F8BB4A-9736-4C70-A802-B3B8ED25D395}.Release|Any CPU.ActiveCfg = Release|Any CPU
		{C1F8BB4A-9736-4C70-A802-B3B8ED25D395}.Release|Any CPU.Build.0 = Release|Any CPU
		{AD7CE537-EE18-4E50-BD7A-3F14BA705A96}.Debug|Any CPU.ActiveCfg = Debug|Any CPU
		{AD7CE537-EE18-4E50-BD7A-3F14BA705A96}.Debug|Any CPU.Build.0 = Debug|Any CPU
		{AD7CE537-EE18-4E50-BD7A-3F14BA705A96}.Release|Any CPU.ActiveCfg = Release|Any CPU
		{AD7CE537-EE18-4E50-BD7A-3F14BA705A96}.Release|Any CPU.Build.0 = Release|Any CPU
	EndGlobalSection
	GlobalSection(SolutionProperties) = preSolution
		HideSolutionNode = FALSE
	EndGlobalSection
	GlobalSection(ExtensibilityGlobals) = postSolution
		SolutionGuid = {C232AFAD-F089-4189-B1AC-0000F6BBB7F2}
	EndGlobalSection
EndGlobal
